---
lockfileVersion: 1
lockfileVendor: redhat
arches:
- arch: aarch64
  packages:
  - url: https://cdn-ubi.redhat.com/content/public/ubi/dist/ubi9/9/aarch64/baseos/os/Packages/t/tar-1.34-7.el9.aarch64.rpm
    repoid: ubi-9-for-aarch64-baseos-rpms
    size: 900197
    checksum: sha256:44552dea889d350403c3074a33d7cb274b3f57553e47db998745df13f931b458
    name: tar
    evr: 2:1.34-7.el9
    sourcerpm: tar-1.34-7.el9.src.rpm
  source:
  - url: https://cdn-ubi.redhat.com/content/public/ubi/dist/ubi9/9/aarch64/baseos/source/SRPMS/Packages/t/tar-1.34-7.el9.src.rpm
    repoid: ubi-9-for-aarch64-baseos-source-rpms
    size: 2261512
    checksum: sha256:d002c400d29e7305fe8a982ab6b9f49ee7a8780e4574b86fc0c5b3d5510ecb22
    name: tar
    evr: 2:1.34-7.el9
  module_metadata: []
- arch: ppc64le
  packages:
  - url: https://cdn-ubi.redhat.com/content/public/ubi/dist/ubi9/9/ppc64le/baseos/os/Packages/b/basesystem-11-13.el9.noarch.rpm
    repoid: ubi-9-for-ppc64le-baseos-rpms
    size: 8229
    checksum: sha256:f498b0813fa1a825d550e8e3a9e42255eabfa18e6fc96adfc6cc8fa7e16dd513
    name: basesystem
    evr: 11-13.el9
    sourcerpm: basesystem-11-13.el9.src.rpm
  - url: https://cdn-ubi.redhat.com/content/public/ubi/dist/ubi9/9/ppc64le/baseos/os/Packages/b/bash-5.1.8-9.el9.ppc64le.rpm
    repoid: ubi-9-for-ppc64le-baseos-rpms
    size: 1818376
    checksum: sha256:4ea13d08a909851376ff25b706c942eb3b66b0205e980aa4f9176e28ee1bae37
    name: bash
    evr: 5.1.8-9.el9
    sourcerpm: bash-5.1.8-9.el9.src.rpm
  - url: https://cdn-ubi.redhat.com/content/public/ubi/dist/ubi9/9/ppc64le/baseos/os/Packages/f/filesystem-3.16-5.el9.ppc64le.rpm
    repoid: ubi-9-for-ppc64le-baseos-rpms
    size: 5003944
    checksum: sha256:e7d0bd8df20dfb2b499634c34ec966e1bd477a5d15f98373f56089ed0f387aca
    name: filesystem
    evr: 3.16-5.el9
    sourcerpm: filesystem-3.16-5.el9.src.rpm
  - url: https://cdn-ubi.redhat.com/content/public/ubi/dist/ubi9/9/ppc64le/baseos/os/Packages/g/glibc-2.34-168.el9_6.23.ppc64le.rpm
    repoid: ubi-9-for-ppc64le-baseos-rpms
    size: 2850447
    checksum: sha256:514cd36a6f2efc790fa23b1d3bf3fb353e0a99c160228a2b7cebd43f62547919
    name: glibc
    evr: 2.34-168.el9_6.23
    sourcerpm: glibc-2.34-168.el9_6.23.src.rpm
  - url: https://cdn-ubi.redhat.com/content/public/ubi/dist/ubi9/9/ppc64le/baseos/os/Packages/g/glibc-common-2.34-168.el9_6.23.ppc64le.rpm
    repoid: ubi-9-for-ppc64le-baseos-rpms
    size: 326633
    checksum: sha256:9639715bde38dd16e9cee2b1e15f0266f738a077599b115b55775a539681582c
    name: glibc-common
    evr: 2.34-168.el9_6.23
    sourcerpm: glibc-2.34-168.el9_6.23.src.rpm
  - url: https://cdn-ubi.redhat.com/content/public/ubi/dist/ubi9/9/ppc64le/baseos/os/Packages/g/glibc-gconv-extra-2.34-168.el9_6.23.ppc64le.rpm
    repoid: ubi-9-for-ppc64le-baseos-rpms
    size: 1819183
    checksum: sha256:a5f77bd96e1f0f946f99ab846d5e32f12bc125264703f6834c632701b989e37a
    name: glibc-gconv-extra
    evr: 2.34-168.el9_6.23
    sourcerpm: glibc-2.34-168.el9_6.23.src.rpm
  - url: https://cdn-ubi.redhat.com/content/public/ubi/dist/ubi9/9/ppc64le/baseos/os/Packages/g/glibc-minimal-langpack-2.34-168.el9_6.23.ppc64le.rpm
    repoid: ubi-9-for-ppc64le-baseos-rpms
    size: 18689
    checksum: sha256:4b1f6d7170f88d9014e4956688d5cb0e3a4c8e1e329d6f21fd2c6ce9aa2fd2c6
    name: glibc-minimal-langpack
    evr: 2.34-168.el9_6.23
    sourcerpm: glibc-2.34-168.el9_6.23.src.rpm
  - url: https://cdn-ubi.redhat.com/content/public/ubi/dist/ubi9/9/ppc64le/baseos/os/Packages/l/libacl-2.3.1-4.el9.ppc64le.rpm
    repoid: ubi-9-for-ppc64le-baseos-rpms
    size: 26589
    checksum: sha256:3612c4b0b3abab058e19ff290b96147ccbbd8179317a8d51f9ed78958d982b4a
    name: libacl
    evr: 2.3.1-4.el9
    sourcerpm: acl-2.3.1-4.el9.src.rpm
  - url: https://cdn-ubi.redhat.com/content/public/ubi/dist/ubi9/9/ppc64le/baseos/os/Packages/l/libattr-2.5.1-3.el9.ppc64le.rpm
    repoid: ubi-9-for-ppc64le-baseos-rpms
    size: 21501
    checksum: sha256:a2398158adad2016fca3d0d2c272e027b8279020992a349664caf6a2299ec50b
    name: libattr
    evr: 2.5.1-3.el9
    sourcerpm: attr-2.5.1-3.el9.src.rpm
  - url: https://cdn-ubi.redhat.com/content/public/ubi/dist/ubi9/9/ppc64le/baseos/os/Packages/l/libgcc-11.5.0-5.el9_5.ppc64le.rpm
    repoid: ubi-9-for-ppc64le-baseos-rpms
    size: 78032
    checksum: sha256:8c96e34373c8068f489b07f0e1dec9731b9d600d6125839b2367211c491ec01a
    name: libgcc
    evr: 11.5.0-5.el9_5
    sourcerpm: gcc-11.5.0-5.el9_5.src.rpm
  - url: https://cdn-ubi.redhat.com/content/public/ubi/dist/ubi9/9/ppc64le/baseos/os/Packages/l/libselinux-3.6-3.el9.ppc64le.rpm
    repoid: ubi-9-for-ppc64le-baseos-rpms
    size: 102114
    checksum: sha256:ca29ae2f3e2ed004aafca74bd18a97b5e987688bac061f573a9ad9903d2ce23a
    name: libselinux
    evr: 3.6-3.el9
    sourcerpm: libselinux-3.6-3.el9.src.rpm
  - url: https://cdn-ubi.redhat.com/content/public/ubi/dist/ubi9/9/ppc64le/baseos/os/Packages/l/libsepol-3.6-2.el9.ppc64le.rpm
    repoid: ubi-9-for-ppc64le-baseos-rpms
    size: 375368
    checksum: sha256:ca09f44e8158c367d8de245702700ac9a39ada8d7c364bfe8109bd3831c5f0c2
    name: libsepol
    evr: 3.6-2.el9
    sourcerpm: libsepol-3.6-2.el9.src.rpm
  - url: https://cdn-ubi.redhat.com/content/public/ubi/dist/ubi9/9/ppc64le/baseos/os/Packages/n/ncurses-base-6.2-10.20210508.el9_6.2.noarch.rpm
    repoid: ubi-9-for-ppc64le-baseos-rpms
    size: 97903
    checksum: sha256:13491d7ce61e0c5ef82451936c68acf5d04dc437a624e0f74b89904bc0fbe330
    name: ncurses-base
    evr: 6.2-10.20210508.el9_6.2
    sourcerpm: ncurses-6.2-10.20210508.el9_6.2.src.rpm
  - url: https://cdn-ubi.redhat.com/content/public/ubi/dist/ubi9/9/ppc64le/baseos/os/Packages/n/ncurses-libs-6.2-10.20210508.el9_6.2.ppc64le.rpm
    repoid: ubi-9-for-ppc64le-baseos-rpms
    size: 379392
    checksum: sha256:0b5be2584ef96966ea8d0b0cbb2efd0ff392710e8c93b55f999ea945dc68e232
    name: ncurses-libs
    evr: 6.2-10.20210508.el9_6.2
    sourcerpm: ncurses-6.2-10.20210508.el9_6.2.src.rpm
  - url: https://cdn-ubi.redhat.com/content/public/ubi/dist/ubi9/9/ppc64le/baseos/os/Packages/p/pcre2-10.40-6.el9.ppc64le.rpm
    repoid: ubi-9-for-ppc64le-baseos-rpms
    size: 243057
    checksum: sha256:fcccf3d6981333ac0ac747ee143dae975381e02025ad2bc53e6aa7e0dc5fafb7
    name: pcre2
    evr: 10.40-6.el9
    sourcerpm: pcre2-10.40-6.el9.src.rpm
  - url: https://cdn-ubi.redhat.com/content/public/ubi/dist/ubi9/9/ppc64le/baseos/os/Packages/p/pcre2-syntax-10.40-6.el9.noarch.rpm
    repoid: ubi-9-for-ppc64le-baseos-rpms
    size: 147926
    checksum: sha256:d386b5e9b3a4b077b2ba143882e605750855dd3354f13c55fa12ed26908cb442
    name: pcre2-syntax
    evr: 10.40-6.el9
    sourcerpm: pcre2-10.40-6.el9.src.rpm
  - url: https://cdn-ubi.redhat.com/content/public/ubi/dist/ubi9/9/ppc64le/baseos/os/Packages/r/redhat-release-9.6-0.1.el9.ppc64le.rpm
    repoid: ubi-9-for-ppc64le-baseos-rpms
    size: 45208
    checksum: sha256:1f63183436cf44c469e0a14c5664ab1a050e570f9435dd5fd7481d214bb3d2a9
    name: redhat-release
    evr: 9.6-0.1.el9
    sourcerpm: redhat-release-9.6-0.1.el9.src.rpm
  - url: https://cdn-ubi.redhat.com/content/public/ubi/dist/ubi9/9/ppc64le/baseos/os/Packages/s/setup-2.13.7-10.el9.noarch.rpm
    repoid: ubi-9-for-ppc64le-baseos-rpms
    size: 153791
    checksum: sha256:0891d395ce067121c28932534237ad1ce231f2bfa987411ad62e73a12d11eb6a
    name: setup
    evr: 2.13.7-10.el9
    sourcerpm: setup-2.13.7-10.el9.src.rpm
  - url: https://cdn-ubi.redhat.com/content/public/ubi/dist/ubi9/9/ppc64le/baseos/os/Packages/t/tar-1.34-7.el9.ppc64le.rpm
    repoid: ubi-9-for-ppc64le-baseos-rpms
    size: 937724
    checksum: sha256:f2cc206dfacc9981fad6cf33600ad28bcd1c573f16d8c18523dc9df52ca90660
    name: tar
    evr: 2:1.34-7.el9
    sourcerpm: tar-1.34-7.el9.src.rpm
  - url: https://cdn-ubi.redhat.com/content/public/ubi/dist/ubi9/9/ppc64le/baseos/os/Packages/t/tzdata-2025b-1.el9.noarch.rpm
    repoid: ubi-9-for-ppc64le-baseos-rpms
    size: 862160
    checksum: sha256:0687e5a1115ba679137404c8d37a45141a31968ffd01677455530d24c126a0d2
    name: tzdata
    evr: 2025b-1.el9
    sourcerpm: tzdata-2025b-1.el9.src.rpm
  source:
  - url: https://cdn-ubi.redhat.com/content/public/ubi/dist/ubi9/9/ppc64le/baseos/source/SRPMS/Packages/a/acl-2.3.1-4.el9.src.rpm
    repoid: ubi-9-for-ppc64le-baseos-source-rpms
    size: 535332
    checksum: sha256:cb449bc6c85e0b50fa0bb98c969ff8481fee40517d8ebec5e28b72e5360fbe1e
    name: acl
    evr: 2.3.1-4.el9
  - url: https://cdn-ubi.redhat.com/content/public/ubi/dist/ubi9/9/ppc64le/baseos/source/SRPMS/Packages/a/attr-2.5.1-3.el9.src.rpm
    repoid: ubi-9-for-ppc64le-baseos-source-rpms
    size: 482234
    checksum: sha256:5171534e7de11df197f3c5e08658544983198288e04624c739b5c3d9db07b59c
    name: attr
    evr: 2.5.1-3.el9
  - url: https://cdn-ubi.redhat.com/content/public/ubi/dist/ubi9/9/ppc64le/baseos/source/SRPMS/Packages/b/basesystem-11-13.el9.src.rpm
    repoid: ubi-9-for-ppc64le-baseos-source-rpms
    size: 9884
    checksum: sha256:5a4ed0779fc06f08115d6e06aa95486f1e1e251f8f9ddb6c7e14e811bb2e24ef
    name: basesystem
    evr: 11-13.el9
  - url: https://cdn-ubi.redhat.com/content/public/ubi/dist/ubi9/9/ppc64le/baseos/source/SRPMS/Packages/b/bash-5.1.8-9.el9.src.rpm
    repoid: ubi-9-for-ppc64le-baseos-source-rpms
    size: 10512850
    checksum: sha256:5d7bbbf2538361be1a11846602862c3a56809b3ea43b69b86bcf407538e9e260
    name: bash
    evr: 5.1.8-9.el9
  - url: https://cdn-ubi.redhat.com/content/public/ubi/dist/ubi9/9/ppc64le/baseos/source/SRPMS/Packages/f/filesystem-3.16-5.el9.src.rpm
    repoid: ubi-9-for-ppc64le-baseos-source-rpms
    size: 20486
    checksum: sha256:c795690df30c46e521372e2f649c995a2abc159b76c8ef6cd5da8a713ea17937
    name: filesystem
    evr: 3.16-5.el9
  - url: https://cdn-ubi.redhat.com/content/public/ubi/dist/ubi9/9/ppc64le/baseos/source/SRPMS/Packages/g/gcc-11.5.0-5.el9_5.src.rpm
    repoid: ubi-9-for-ppc64le-baseos-source-rpms
    size: 81877102
    checksum: sha256:ed35dd39cd89aec444199a916667169638150fd12199dbb3c3d2638e43121565
    name: gcc
    evr: 11.5.0-5.el9_5
  - url: https://cdn-ubi.redhat.com/content/public/ubi/dist/ubi9/9/ppc64le/baseos/source/SRPMS/Packages/g/glibc-2.34-168.el9_6.23.src.rpm
    repoid: ubi-9-for-ppc64le-baseos-source-rpms
    size: 19844337
    checksum: sha256:2495e3b229885e01ffd5dec87ea83d52022235c081e8fb19f6744a9e821b044f
    name: glibc
    evr: 2.34-168.el9_6.23
  - url: https://cdn-ubi.redhat.com/content/public/ubi/dist/ubi9/9/ppc64le/baseos/source/SRPMS/Packages/l/libselinux-3.6-3.el9.src.rpm
    repoid: ubi-9-for-ppc64le-baseos-source-rpms
    size: 271153
    checksum: sha256:a08a84389665ef614eb6d9b06a53128eab89b650c799c0558f3ae04df97c4b13
    name: libselinux
    evr: 3.6-3.el9
  - url: https://cdn-ubi.redhat.com/content/public/ubi/dist/ubi9/9/ppc64le/baseos/source/SRPMS/Packages/l/libsepol-3.6-2.el9.src.rpm
    repoid: ubi-9-for-ppc64le-baseos-source-rpms
    size: 538074
    checksum: sha256:2e02ff0ce3c6767962d1e7a3fbe657ea2a241bcd1c0182d9c552321ba4f8404b
    name: libsepol
    evr: 3.6-2.el9
  - url: https://cdn-ubi.redhat.com/content/public/ubi/dist/ubi9/9/ppc64le/baseos/source/SRPMS/Packages/n/ncurses-6.2-10.20210508.el9_6.2.src.rpm
    repoid: ubi-9-for-ppc64le-baseos-source-rpms
    size: 3587058
    checksum: sha256:2c3309af9b6637047a8dec3f7e84c03da6fa4ab9570d78cad92c045bfd0fa1e3
    name: ncurses
    evr: 6.2-10.20210508.el9_6.2
  - url: https://cdn-ubi.redhat.com/content/public/ubi/dist/ubi9/9/ppc64le/baseos/source/SRPMS/Packages/p/pcre2-10.40-6.el9.src.rpm
    repoid: ubi-9-for-ppc64le-baseos-source-rpms
    size: 1789790
    checksum: sha256:a570f7192be555222aa3704882b9199fb013a84ad4d7dcf40a93d8de2ecf6e0a
    name: pcre2
    evr: 10.40-6.el9
  - url: https://cdn-ubi.redhat.com/content/public/ubi/dist/ubi9/9/ppc64le/baseos/source/SRPMS/Packages/r/redhat-release-9.6-0.1.el9.src.rpm
    repoid: ubi-9-for-ppc64le-baseos-source-rpms
    size: 62469
    checksum: sha256:6720f3d5c6675bbf8d79ce5424f891a34303e0c5c39be0e52ca51f70107f585b
    name: redhat-release
    evr: 9.6-0.1.el9
  - url: https://cdn-ubi.redhat.com/content/public/ubi/dist/ubi9/9/ppc64le/baseos/source/SRPMS/Packages/s/setup-2.13.7-10.el9.src.rpm
    repoid: ubi-9-for-ppc64le-baseos-source-rpms
    size: 195940
    checksum: sha256:3acdbbd63bd77dd8b18210b9d597bd59ddf455ff728067638c54194ac3a8a32b
    name: setup
    evr: 2.13.7-10.el9
  - url: https://cdn-ubi.redhat.com/content/public/ubi/dist/ubi9/9/ppc64le/baseos/source/SRPMS/Packages/t/tar-1.34-7.el9.src.rpm
    repoid: ubi-9-for-ppc64le-baseos-source-rpms
    size: 2261512
    checksum: sha256:d002c400d29e7305fe8a982ab6b9f49ee7a8780e4574b86fc0c5b3d5510ecb22
    name: tar
    evr: 2:1.34-7.el9
  - url: https://cdn-ubi.redhat.com/content/public/ubi/dist/ubi9/9/ppc64le/baseos/source/SRPMS/Packages/t/tzdata-2025b-1.el9.src.rpm
    repoid: ubi-9-for-ppc64le-baseos-source-rpms
    size: 904607
    checksum: sha256:a2668d1f6b053545a5824a428755484895d72475a9d3833cbfbec9e08660aba2
    name: tzdata
    evr: 2025b-1.el9
  module_metadata: []
- arch: s390x
  packages:
  - url: https://cdn-ubi.redhat.com/content/public/ubi/dist/ubi9/9/s390x/baseos/os/Packages/t/tar-1.34-7.el9.s390x.rpm
    repoid: ubi-9-for-s390x-baseos-rpms
    size: 902370
    checksum: sha256:fa8758bac6a56830de66ad1ab623c87768065bcc6f8242faa42ac4198260d456
    name: tar
    evr: 2:1.34-7.el9
    sourcerpm: tar-1.34-7.el9.src.rpm
  source:
  - url: https://cdn-ubi.redhat.com/content/public/ubi/dist/ubi9/9/s390x/baseos/source/SRPMS/Packages/t/tar-1.34-7.el9.src.rpm
    repoid: ubi-9-for-s390x-baseos-source-rpms
    size: 2261512
    checksum: sha256:d002c400d29e7305fe8a982ab6b9f49ee7a8780e4574b86fc0c5b3d5510ecb22
    name: tar
    evr: 2:1.34-7.el9
  module_metadata: []
- arch: x86_64
  packages:
  - url: https://cdn-ubi.redhat.com/content/public/ubi/dist/ubi9/9/x86_64/baseos/os/Packages/t/tar-1.34-7.el9.x86_64.rpm
    repoid: ubi-9-for-x86_64-baseos-rpms
    size: 910235
    checksum: sha256:17f2e592a2c04c050b690afeb9042e02521a0b5ee3288dad837463f4acf542c3
    name: tar
    evr: 2:1.34-7.el9
    sourcerpm: tar-1.34-7.el9.src.rpm
  source:
  - url: https://cdn-ubi.redhat.com/content/public/ubi/dist/ubi9/9/x86_64/baseos/source/SRPMS/Packages/t/tar-1.34-7.el9.src.rpm
    repoid: ubi-9-for-x86_64-baseos-source-rpms
    size: 2261512
    checksum: sha256:d002c400d29e7305fe8a982ab6b9f49ee7a8780e4574b86fc0c5b3d5510ecb22
    name: tar
    evr: 2:1.34-7.el9
  module_metadata: []
